
Microsoft Visual Studio Solution File, Format Version 12.00
# Visual Studio Version 16
VisualStudioVersion = 16.0.30128.74
MinimumVisualStudioVersion = 10.0.40219.1
Project("{FAE04EC0-301F-11D3-BF4B-00C04F79EFBC}") = "CocktailPi", "CocktailPi\CocktailPi.csproj", "{770891E5-E58B-475F-9D07-759686371D46}"
EndProject
Global
	GlobalSection(SolutionConfigurationPlatforms) = preSolution
		Debug|ARM = Debug|ARM
		Debug|ARM64 = Debug|ARM64
		Debug|x64 = Debug|x64
		Debug|x86 = Debug|x86
		Release|ARM = Release|ARM
		Release|ARM64 = Release|ARM64
		Release|x64 = Release|x64
		Release|x86 = Release|x86
	EndGlobalSection
	GlobalSection(ProjectConfigurationPlatforms) = postSolution
		{770891E5-E58B-475F-9D07-759686371D46}.Debug|ARM.ActiveCfg = Debug|ARM
		{770891E5-E58B-475F-9D07-759686371D46}.Debug|ARM.Build.0 = Debug|ARM
		{770891E5-E58B-475F-9D07-759686371D46}.Debug|ARM.Deploy.0 = Debug|ARM
		{770891E5-E58B-475F-9D07-759686371D46}.Debug|ARM64.ActiveCfg = Debug|ARM64
		{770891E5-E58B-475F-9D07-759686371D46}.Debug|ARM64.Build.0 = Debug|ARM64
		{770891E5-E58B-475F-9D07-759686371D46}.Debug|ARM64.Deploy.0 = Debug|ARM64
		{770891E5-E58B-475F-9D07-759686371D46}.Debug|x64.ActiveCfg = Debug|x64
		{770891E5-E58B-475F-9D07-759686371D46}.Debug|x64.Build.0 = Debug|x64
		{770891E5-E58B-475F-9D07-759686371D46}.Debug|x64.Deploy.0 = Debug|x64
		{770891E5-E58B-475F-9D07-759686371D46}.Debug|x86.ActiveCfg = Debug|x86
		{770891E5-E58B-475F-9D07-759686371D46}.Debug|x86.Build.0 = Debug|x86
		{770891E5-E58B-475F-9D07-759686371D46}.Debug|x86.Deploy.0 = Debug|x86
		{770891E5-E58B-475F-9D07-759686371D46}.Release|ARM.ActiveCfg = Release|ARM
		{770891E5-E58B-475F-9D07-759686371D46}.Release|ARM.Build.0 = Release|ARM
		{770891E5-E58B-475F-9D07-759686371D46}.Release|ARM.Deploy.0 = Release|ARM
		{770891E5-E58B-475F-9D07-759686371D46}.Release|ARM64.ActiveCfg = Release|ARM64
		{770891E5-E58B-475F-9D07-759686371D46}.Release|ARM64.Build.0 = Release|ARM64
		{770891E5-E58B-475F-9D07-759686371D46}.Release|ARM64.Deploy.0 = Release|ARM64
		{770891E5-E58B-475F-9D07-759686371D46}.Release|x64.ActiveCfg = Release|x64
		{770891E5-E58B-475F-9D07-759686371D46}.Release|x64.Build.0 = Release|x64
		{770891E5-E58B-475F-9D07-759686371D46}.Release|x64.Deploy.0 = Release|x64
		{770891E5-E58B-475F-9D07-759686371D46}.Release|x86.ActiveCfg = Release|x86
		{770891E5-E58B-475F-9D07-759686371D46}.Release|x86.Build.0 = Release|x86
		{770891E5-E58B-475F-9D07-759686371D46}.Release|x86.Deploy.0 = Release|x86
	EndGlobalSection
	GlobalSection(SolutionProperties) = preSolution
		HideSolutionNode = FALSE
	EndGlobalSection
	GlobalSection(ExtensibilityGlobals) = postSolution
		SolutionGuid = {031E4322-5EEF-4950-85F2-DFD8BD232A8D}
	EndGlobalSection
EndGlobal
